
Microsoft Visual Studio Solution File, Format Version 12.00
# Visual Studio Version 17
VisualStudioVersion = 17.6.33829.357
MinimumVisualStudioVersion = 10.0.40219.1
Project("{FAE04EC0-301F-11D3-BF4B-00C04F79EFBC}") = "bradenasmith", "bradenasmith\bradenasmith.csproj", "{64559830-DA09-4990-A085-59757C83B3CC}"
EndProject
Global
	GlobalSection(SolutionConfigurationPlatforms) = preSolution
		Debug|Any CPU = Debug|Any CPU
		Release|Any CPU = Release|Any CPU
	EndGlobalSection
	GlobalSection(ProjectConfigurationPlatforms) = postSolution
		{64559830-DA09-4990-A085-59757C83B3CC}.Debug|Any CPU.ActiveCfg = Debug|Any CPU
		{64559830-DA09-4990-A085-59757C83B3CC}.Debug|Any CPU.Build.0 = Debug|Any CPU
		{64559830-DA09-4990-A085-59757C83B3CC}.Release|Any CPU.ActiveCfg = Release|Any CPU
		{64559830-DA09-4990-A085-59757C83B3CC}.Release|Any CPU.Build.0 = Release|Any CPU
	EndGlobalSection
	GlobalSection(SolutionProperties) = preSolution
		HideSolutionNode = FALSE
	EndGlobalSection
	GlobalSection(ExtensibilityGlobals) = postSolution
		SolutionGuid = {BBD4ECC8-0DDE-4A32-AA41-0AE187969AC3}
	EndGlobalSection
EndGlobal
